
Microsoft Visual Studio Solution File, Format Version 12.00
# Visual Studio 14
VisualStudioVersion = 14.0.25123.0
MinimumVisualStudioVersion = 10.0.40219.1
Project("{FAE04EC0-301F-11D3-BF4B-00C04F79EFBC}") = "MvcRoleManager.Web", "MvcRoleManager.Web\MvcRoleManager.Web.csproj", "{23F0E06E-FCA1-46D2-84C4-FDAB418F63F3}"
EndProject
Project("{FAE04EC0-301F-11D3-BF4B-00C04F79EFBC}") = "MvcRoleManager.Security", "MvcRoleManager.Security\MvcRoleManager.Security.csproj", "{221FAAEC-FAD5-4B7A-BAB4-84E9F9BEA3F7}"
EndProject
Global
	GlobalSection(SolutionConfigurationPlatforms) = preSolution
		Debug|Any CPU = Debug|Any CPU
		Release|Any CPU = Release|Any CPU
	EndGlobalSection
	GlobalSection(ProjectConfigurationPlatforms) = postSolution
		{23F0E06E-FCA1-46D2-84C4-FDAB418F63F3}.Debug|Any CPU.ActiveCfg = Debug|Any CPU
		{23F0E06E-FCA1-46D2-84C4-FDAB418F63F3}.Debug|Any CPU.Build.0 = Debug|Any CPU
		{23F0E06E-FCA1-46D2-84C4-FDAB418F63F3}.Release|Any CPU.ActiveCfg = Release|Any CPU
		{23F0E06E-FCA1-46D2-84C4-FDAB418F63F3}.Release|Any CPU.Build.0 = Release|Any CPU
		{221FAAEC-FAD5-4B7A-BAB4-84E9F9BEA3F7}.Debug|Any CPU.ActiveCfg = Debug|Any CPU
		{221FAAEC-FAD5-4B7A-BAB4-84E9F9BEA3F7}.Debug|Any CPU.Build.0 = Debug|Any CPU
		{221FAAEC-FAD5-4B7A-BAB4-84E9F9BEA3F7}.Release|Any CPU.ActiveCfg = Release|Any CPU
		{221FAAEC-FAD5-4B7A-BAB4-84E9F9BEA3F7}.Release|Any CPU.Build.0 = Release|Any CPU
	EndGlobalSection
	GlobalSection(SolutionProperties) = preSolution
		HideSolutionNode = FALSE
	EndGlobalSection
EndGlobal
